<?xml version="1.0" encoding="utf-8"?>
<Project ToolsVersion="4.0" xmlns="http://schemas.microsoft.com/developer/msbuild/2003">
  <ItemGroup>
    <ClCompile Include="stdafx.cpp">
      <Filter>Source Files</Filter>
    </ClCompile>
    <ClCompile Include="TestElasto.cpp">
      <Filter>Source Files</Filter>
    </ClCompile>
  </ItemGroup>
  <ItemGroup>
    <ClInclude Include="CData.h">
      <Filter>Header Files</Filter>
    </ClInclude>
    <ClInclude Include="CDataProcess.h">
      <Filter>Header Files</Filter>
    </ClInclude>
    <ClInclude Include="CDisplacement.h">
      <Filter>Header Files</Filter>
    </ClInclude>
    <ClInclude Include="CElasto.h">
      <Filter>Header Files</Filter>
    </ClInclude>
    <ClInclude Include="CFilter.h">
      <Filter>Header Files</Filter>
    </ClInclude>
    <ClInclude Include="CStrain.h">
      <Filter>Header Files</Filter>
    </ClInclude>
    <ClInclude Include="stdafx.h">
      <Filter>Header Files</Filter>
    </ClInclude>
    <ClInclude Include="targetver.h">
      <Filter>Header Files</Filter>
    </ClInclude>
  </ItemGroup>
  <ItemGroup>
    <None Include="ReadMe.txt" />
  </ItemGroup>
  <ItemGroup>
    <Filter Include="Source Files">
      <UniqueIdentifier>{e70ac3ef-e33b-4e0a-bb01-19d78e366fa4}</UniqueIdentifier>
      <Extensions>cpp;c;cc;cxx;def;odl;idl;hpj;bat;asm;asmx</Extensions>
    </Filter>
    <Filter Include="Header Files">
      <UniqueIdentifier>{d79304e4-86a7-496f-aeef-8a7c8d5509c8}</UniqueIdentifier>
      <Extensions>h;hpp;hxx;hm;inl;inc;xsd</Extensions>
    </Filter>
  </ItemGroup>
</Project>