
Microsoft Visual Studio Solution File, Format Version 12.00
# Visual Studio 2013
VisualStudioVersion = 12.0.40629.0
MinimumVisualStudioVersion = 10.0.40219.1
Project("{8BC9CEB8-8B4A-11D0-8D11-00A0C91BC942}") = "TestElasto", "TestElasto\TestElasto.vcxproj", "{B663935F-FDFF-4B6D-A50D-4E3CF4C531BE}"
	ProjectSection(ProjectDependencies) = postProject
		{B73FC092-8809-4FBD-A75B-7F3C86CE9AC2} = {B73FC092-8809-4FBD-A75B-7F3C86CE9AC2}
	EndProjectSection
EndProject
Project("{8BC9CEB8-8B4A-11D0-8D11-00A0C91BC942}") = "ElastoGUI", "ElastoGUI\ElastoGUI.vcxproj", "{6F9E7760-C4EA-47F2-838A-E984DD6CA687}"
	ProjectSection(ProjectDependencies) = postProject
		{DDDD9224-22C0-4E1B-9EB9-FDE6228D6BA6} = {DDDD9224-22C0-4E1B-9EB9-FDE6228D6BA6}
		{B73FC092-8809-4FBD-A75B-7F3C86CE9AC2} = {B73FC092-8809-4FBD-A75B-7F3C86CE9AC2}
		{8D9DA2A0-7A6C-4457-AC03-7361C92D7DD6} = {8D9DA2A0-7A6C-4457-AC03-7361C92D7DD6}
	EndProjectSection
EndProject
Project("{8BC9CEB8-8B4A-11D0-8D11-00A0C91BC942}") = "ElastoDll", "ElastoDll\ElastoDll.vcxproj", "{B73FC092-8809-4FBD-A75B-7F3C86CE9AC2}"
	ProjectSection(ProjectDependencies) = postProject
		{8D9DA2A0-7A6C-4457-AC03-7361C92D7DD6} = {8D9DA2A0-7A6C-4457-AC03-7361C92D7DD6}
	EndProjectSection
EndProject
Project("{8BC9CEB8-8B4A-11D0-8D11-00A0C91BC942}") = "MImage", "MImage\MImage.vcxproj", "{DDDD9224-22C0-4E1B-9EB9-FDE6228D6BA6}"
EndProject
Project("{8BC9CEB8-8B4A-11D0-8D11-00A0C91BC942}") = "Utility", "Utility\Utility.vcxproj", "{8D9DA2A0-7A6C-4457-AC03-7361C92D7DD6}"
EndProject
Project("{6141683F-8A12-4E36-9623-2EB02B2C2303}") = "SetupDotNet4", "SetupDotNet4\SetupDotNet4.isproj", "{EA5D0402-2FC5-478A-9546-581A3C1B233E}"
EndProject
Global
	GlobalSection(SolutionConfigurationPlatforms) = preSolution
		CD_ROM|Win32 = CD_ROM|Win32
		Debug|Win32 = Debug|Win32
		DVD-5|Win32 = DVD-5|Win32
		Release|Win32 = Release|Win32
		SingleImage|Win32 = SingleImage|Win32
		Template|Win32 = Template|Win32
	EndGlobalSection
	GlobalSection(ProjectConfigurationPlatforms) = postSolution
		{B663935F-FDFF-4B6D-A50D-4E3CF4C531BE}.CD_ROM|Win32.ActiveCfg = Release|Win32
		{B663935F-FDFF-4B6D-A50D-4E3CF4C531BE}.CD_ROM|Win32.Build.0 = Release|Win32
		{B663935F-FDFF-4B6D-A50D-4E3CF4C531BE}.Debug|Win32.ActiveCfg = Debug|Win32
		{B663935F-FDFF-4B6D-A50D-4E3CF4C531BE}.Debug|Win32.Build.0 = Debug|Win32
		{B663935F-FDFF-4B6D-A50D-4E3CF4C531BE}.DVD-5|Win32.ActiveCfg = Debug|Win32
		{B663935F-FDFF-4B6D-A50D-4E3CF4C531BE}.DVD-5|Win32.Build.0 = Debug|Win32
		{B663935F-FDFF-4B6D-A50D-4E3CF4C531BE}.Release|Win32.ActiveCfg = Release|Win32
		{B663935F-FDFF-4B6D-A50D-4E3CF4C531BE}.Release|Win32.Build.0 = Release|Win32
		{B663935F-FDFF-4B6D-A50D-4E3CF4C531BE}.SingleImage|Win32.ActiveCfg = Release|Win32
		{B663935F-FDFF-4B6D-A50D-4E3CF4C531BE}.SingleImage|Win32.Build.0 = Release|Win32
		{B663935F-FDFF-4B6D-A50D-4E3CF4C531BE}.Template|Win32.ActiveCfg = Release|Win32
		{B663935F-FDFF-4B6D-A50D-4E3CF4C531BE}.Template|Win32.Build.0 = Release|Win32
		{6F9E7760-C4EA-47F2-838A-E984DD6CA687}.CD_ROM|Win32.ActiveCfg = Release|Win32
		{6F9E7760-C4EA-47F2-838A-E984DD6CA687}.CD_ROM|Win32.Build.0 = Release|Win32
		{6F9E7760-C4EA-47F2-838A-E984DD6CA687}.Debug|Win32.ActiveCfg = Debug|Win32
		{6F9E7760-C4EA-47F2-838A-E984DD6CA687}.Debug|Win32.Build.0 = Debug|Win32
		{6F9E7760-C4EA-47F2-838A-E984DD6CA687}.DVD-5|Win32.ActiveCfg = Debug|Win32
		{6F9E7760-C4EA-47F2-838A-E984DD6CA687}.DVD-5|Win32.Build.0 = Debug|Win32
		{6F9E7760-C4EA-47F2-838A-E984DD6CA687}.Release|Win32.ActiveCfg = Release|Win32
		{6F9E7760-C4EA-47F2-838A-E984DD6CA687}.Release|Win32.Build.0 = Release|Win32
		{6F9E7760-C4EA-47F2-838A-E984DD6CA687}.SingleImage|Win32.ActiveCfg = Release|Win32
		{6F9E7760-C4EA-47F2-838A-E984DD6CA687}.SingleImage|Win32.Build.0 = Release|Win32
		{6F9E7760-C4EA-47F2-838A-E984DD6CA687}.Template|Win32.ActiveCfg = Release|Win32
		{6F9E7760-C4EA-47F2-838A-E984DD6CA687}.Template|Win32.Build.0 = Release|Win32
		{B73FC092-8809-4FBD-A75B-7F3C86CE9AC2}.CD_ROM|Win32.ActiveCfg = Release|Win32
		{B73FC092-8809-4FBD-A75B-7F3C86CE9AC2}.CD_ROM|Win32.Build.0 = Release|Win32
		{B73FC092-8809-4FBD-A75B-7F3C86CE9AC2}.Debug|Win32.ActiveCfg = Debug|Win32
		{B73FC092-8809-4FBD-A75B-7F3C86CE9AC2}.Debug|Win32.Build.0 = Debug|Win32
		{B73FC092-8809-4FBD-A75B-7F3C86CE9AC2}.DVD-5|Win32.ActiveCfg = Debug|Win32
		{B73FC092-8809-4FBD-A75B-7F3C86CE9AC2}.DVD-5|Win32.Build.0 = Debug|Win32
		{B73FC092-8809-4FBD-A75B-7F3C86CE9AC2}.Release|Win32.ActiveCfg = Release|Win32
		{B73FC092-8809-4FBD-A75B-7F3C86CE9AC2}.Release|Win32.Build.0 = Release|Win32
		{B73FC092-8809-4FBD-A75B-7F3C86CE9AC2}.SingleImage|Win32.ActiveCfg = Release|Win32
		{B73FC092-8809-4FBD-A75B-7F3C86CE9AC2}.SingleImage|Win32.Build.0 = Release|Win32
		{B73FC092-8809-4FBD-A75B-7F3C86CE9AC2}.Template|Win32.ActiveCfg = Release|Win32
		{B73FC092-8809-4FBD-A75B-7F3C86CE9AC2}.Template|Win32.Build.0 = Release|Win32
		{DDDD9224-22C0-4E1B-9EB9-FDE6228D6BA6}.CD_ROM|Win32.ActiveCfg = Release|Win32
		{DDDD9224-22C0-4E1B-9EB9-FDE6228D6BA6}.CD_ROM|Win32.Build.0 = Release|Win32
		{DDDD9224-22C0-4E1B-9EB9-FDE6228D6BA6}.Debug|Win32.ActiveCfg = Debug|Win32
		{DDDD9224-22C0-4E1B-9EB9-FDE6228D6BA6}.Debug|Win32.Build.0 = Debug|Win32
		{DDDD9224-22C0-4E1B-9EB9-FDE6228D6BA6}.DVD-5|Win32.ActiveCfg = Debug|Win32
		{DDDD9224-22C0-4E1B-9EB9-FDE6228D6BA6}.DVD-5|Win32.Build.0 = Debug|Win32
		{DDDD9224-22C0-4E1B-9EB9-FDE6228D6BA6}.Release|Win32.ActiveCfg = Release|Win32
		{DDDD9224-22C0-4E1B-9EB9-FDE6228D6BA6}.Release|Win32.Build.0 = Release|Win32
		{DDDD9224-22C0-4E1B-9EB9-FDE6228D6BA6}.SingleImage|Win32.ActiveCfg = Release|Win32
		{DDDD9224-22C0-4E1B-9EB9-FDE6228D6BA6}.SingleImage|Win32.Build.0 = Release|Win32
		{DDDD9224-22C0-4E1B-9EB9-FDE6228D6BA6}.Template|Win32.ActiveCfg = Release|Win32
		{DDDD9224-22C0-4E1B-9EB9-FDE6228D6BA6}.Template|Win32.Build.0 = Release|Win32
		{8D9DA2A0-7A6C-4457-AC03-7361C92D7DD6}.CD_ROM|Win32.ActiveCfg = Release|Win32
		{8D9DA2A0-7A6C-4457-AC03-7361C92D7DD6}.CD_ROM|Win32.Build.0 = Release|Win32
		{8D9DA2A0-7A6C-4457-AC03-7361C92D7DD6}.Debug|Win32.ActiveCfg = Debug|Win32
		{8D9DA2A0-7A6C-4457-AC03-7361C92D7DD6}.Debug|Win32.Build.0 = Debug|Win32
		{8D9DA2A0-7A6C-4457-AC03-7361C92D7DD6}.DVD-5|Win32.ActiveCfg = Debug|Win32
		{8D9DA2A0-7A6C-4457-AC03-7361C92D7DD6}.DVD-5|Win32.Build.0 = Debug|Win32
		{8D9DA2A0-7A6C-4457-AC03-7361C92D7DD6}.Release|Win32.ActiveCfg = Release|Win32
		{8D9DA2A0-7A6C-4457-AC03-7361C92D7DD6}.Release|Win32.Build.0 = Release|Win32
		{8D9DA2A0-7A6C-4457-AC03-7361C92D7DD6}.SingleImage|Win32.ActiveCfg = Release|Win32
		{8D9DA2A0-7A6C-4457-AC03-7361C92D7DD6}.SingleImage|Win32.Build.0 = Release|Win32
		{8D9DA2A0-7A6C-4457-AC03-7361C92D7DD6}.Template|Win32.ActiveCfg = Release|Win32
		{8D9DA2A0-7A6C-4457-AC03-7361C92D7DD6}.Template|Win32.Build.0 = Release|Win32
		{EA5D0402-2FC5-478A-9546-581A3C1B233E}.CD_ROM|Win32.ActiveCfg = CD_ROM
		{EA5D0402-2FC5-478A-9546-581A3C1B233E}.CD_ROM|Win32.Build.0 = CD_ROM
		{EA5D0402-2FC5-478A-9546-581A3C1B233E}.Debug|Win32.ActiveCfg = DVD-5
		{EA5D0402-2FC5-478A-9546-581A3C1B233E}.Debug|Win32.Build.0 = DVD-5
		{EA5D0402-2FC5-478A-9546-581A3C1B233E}.DVD-5|Win32.ActiveCfg = DVD-5
		{EA5D0402-2FC5-478A-9546-581A3C1B233E}.DVD-5|Win32.Build.0 = DVD-5
		{EA5D0402-2FC5-478A-9546-581A3C1B233E}.Release|Win32.ActiveCfg = SingleImage
		{EA5D0402-2FC5-478A-9546-581A3C1B233E}.Release|Win32.Build.0 = SingleImage
		{EA5D0402-2FC5-478A-9546-581A3C1B233E}.SingleImage|Win32.ActiveCfg = SingleImage
		{EA5D0402-2FC5-478A-9546-581A3C1B233E}.SingleImage|Win32.Build.0 = SingleImage
		{EA5D0402-2FC5-478A-9546-581A3C1B233E}.Template|Win32.ActiveCfg = SingleImage
		{EA5D0402-2FC5-478A-9546-581A3C1B233E}.Template|Win32.Build.0 = SingleImage
	EndGlobalSection
	GlobalSection(SolutionProperties) = preSolution
		HideSolutionNode = FALSE
	EndGlobalSection
EndGlobal
