<?xml version="1.0" encoding="utf-8"?>
<Project ToolsVersion="4.0" xmlns="http://schemas.microsoft.com/developer/msbuild/2003">
  <ItemGroup>
    <ClCompile Include="..\src\CData.cpp">
      <Filter>Source files</Filter>
    </ClCompile>
    <ClCompile Include="..\src\CDataProcess.cpp">
      <Filter>Source files</Filter>
    </ClCompile>
    <ClCompile Include="..\src\CDisplacement.cpp">
      <Filter>Source files</Filter>
    </ClCompile>
    <ClCompile Include="..\src\CElasto.cpp">
      <Filter>Source files</Filter>
    </ClCompile>
    <ClCompile Include="..\src\CFilter.cpp">
      <Filter>Source files</Filter>
    </ClCompile>
    <ClCompile Include="..\src\CStrain.cpp">
      <Filter>Source files</Filter>
    </ClCompile>
    <ClCompile Include="ElastoDll.cpp">
      <Filter>Source files</Filter>
    </ClCompile>
    <ClCompile Include="stdafx.cpp">
      <Filter>Source files</Filter>
    </ClCompile>
  </ItemGroup>
  <ItemGroup>
    <ClInclude Include="..\src\CData.h">
      <Filter>Header Files</Filter>
    </ClInclude>
    <ClInclude Include="..\src\CDisplacement.h">
      <Filter>Header Files</Filter>
    </ClInclude>
    <ClInclude Include="..\src\CElasto.h">
      <Filter>Header Files</Filter>
    </ClInclude>
    <ClInclude Include="..\src\CFilter.h">
      <Filter>Header Files</Filter>
    </ClInclude>
    <ClInclude Include="..\src\CStrain.h">
      <Filter>Header Files</Filter>
    </ClInclude>
    <ClInclude Include="ElastoDll.h">
      <Filter>Header Files</Filter>
    </ClInclude>
    <ClInclude Include="Resource.h">
      <Filter>Header Files</Filter>
    </ClInclude>
    <ClInclude Include="stdafx.h">
      <Filter>Header Files</Filter>
    </ClInclude>
    <ClInclude Include="targetver.h">
      <Filter>Header Files</Filter>
    </ClInclude>
  </ItemGroup>
  <ItemGroup>
    <None Include="ReadMe.txt" />
  </ItemGroup>
  <ItemGroup>
    <Filter Include="Source files">
      <UniqueIdentifier>{74ddfeb7-612d-4bc5-b956-b76473911d9c}</UniqueIdentifier>
      <Extensions>cpp;c;cc;cxx;def;odl;idl;hpj;bat;asm;asmx</Extensions>
    </Filter>
    <Filter Include="Header Files">
      <UniqueIdentifier>{707ad844-643b-4cab-856a-e94382838d36}</UniqueIdentifier>
      <Extensions>h;hpp;hxx;hm;inl;inc;xsd</Extensions>
    </Filter>
    <Filter Include="Resource Files">
      <UniqueIdentifier>{5e7c510a-8607-43c9-8942-c7dbd960ff45}</UniqueIdentifier>
      <Extensions>rc;ico;cur;bmp;dlg;rc2;rct;bin;rgs;gif;jpg;jpeg;jpe;resx;tiff;tif;png;wav;mfcribbon-ms</Extensions>
    </Filter>
  </ItemGroup>
  <ItemGroup>
    <ResourceCompile Include="ElastoDll.rc">
      <Filter>Resource Files</Filter>
    </ResourceCompile>
  </ItemGroup>
</Project>