<?xml version="1.0" encoding="utf-8"?>
<Project ToolsVersion="4.0" xmlns="http://schemas.microsoft.com/developer/msbuild/2003">
  <ItemGroup>
    <ClCompile Include="CyUSBDevice.cpp">
      <Filter>Source Files</Filter>
    </ClCompile>
    <ClCompile Include="ElastoGUI.cpp">
      <Filter>Source Files</Filter>
    </ClCompile>
    <ClCompile Include="ElastoGUIDlg.cpp">
      <Filter>Source Files</Filter>
    </ClCompile>
    <ClCompile Include="FontText.cpp">
      <Filter>Source Files</Filter>
    </ClCompile>
    <ClCompile Include="OwnerDrawStatic.cpp">
      <Filter>Source Files</Filter>
    </ClCompile>
    <ClCompile Include="PageBase.cpp">
      <Filter>Source Files</Filter>
    </ClCompile>
    <ClCompile Include="PageExam.cpp">
      <Filter>Source Files</Filter>
    </ClCompile>
    <ClCompile Include="stdafx.cpp">
      <Filter>Source Files</Filter>
    </ClCompile>
    <ClCompile Include="Parser.cpp" />
  </ItemGroup>
  <ItemGroup>
    <ClInclude Include="CyUSBDevice.h">
      <Filter>Header Files</Filter>
    </ClInclude>
    <ClInclude Include="ElastoGUI.h">
      <Filter>Header Files</Filter>
    </ClInclude>
    <ClInclude Include="ElastoGUIDlg.h">
      <Filter>Header Files</Filter>
    </ClInclude>
    <ClInclude Include="FontText.h">
      <Filter>Header Files</Filter>
    </ClInclude>
    <ClInclude Include="OwnerDrawStatic.h">
      <Filter>Header Files</Filter>
    </ClInclude>
    <ClInclude Include="PageBase.h">
      <Filter>Header Files</Filter>
    </ClInclude>
    <ClInclude Include="PageExam.h">
      <Filter>Header Files</Filter>
    </ClInclude>
    <ClInclude Include="Resource.h">
      <Filter>Header Files</Filter>
    </ClInclude>
    <ClInclude Include="stdafx.h">
      <Filter>Header Files</Filter>
    </ClInclude>
    <ClInclude Include="targetver.h">
      <Filter>Header Files</Filter>
    </ClInclude>
    <ClInclude Include="Parser.h" />
  </ItemGroup>
  <ItemGroup>
    <None Include="ReadMe.txt" />
    <None Include="res\ElastoGUI.ico">
      <Filter>Resource Files</Filter>
    </None>
    <None Include="res\ElastoGUI.rc2">
      <Filter>Resource Files</Filter>
    </None>
    <None Include="res\led_green.bmp">
      <Filter>Resource Files</Filter>
    </None>
    <None Include="res\led_grey.bmp">
      <Filter>Resource Files</Filter>
    </None>
    <None Include="res\led_red.bmp">
      <Filter>Resource Files</Filter>
    </None>
  </ItemGroup>
  <ItemGroup>
    <Filter Include="Header Files">
      <UniqueIdentifier>{f296779e-d3c6-4dc1-b6d3-762413b66a51}</UniqueIdentifier>
    </Filter>
    <Filter Include="Source Files">
      <UniqueIdentifier>{05b1bc01-1a49-4bf9-bbe5-de42e88f904d}</UniqueIdentifier>
    </Filter>
    <Filter Include="Resource Files">
      <UniqueIdentifier>{3f7c4735-4dfd-4190-af05-fe02d9dd761d}</UniqueIdentifier>
    </Filter>
  </ItemGroup>
  <ItemGroup>
    <ResourceCompile Include="ElastoGUI.rc">
      <Filter>Resource Files</Filter>
    </ResourceCompile>
  </ItemGroup>
</Project>